{
  "name": "stomptester",
  "version": "1.0.0",
  "lockfileVersion": 3,
  "requires": true,
  "packages": {
    "": {
      "name": "stomptester",
      "version": "1.0.0",
      "license": "ISC",
      "dependencies": {
        "@stomp/stompjs": "^7.1.0"
      }
    },
    "node_modules/@stomp/stompjs": {
      "version": "7.1.0",
      "resolved": "https://registry.npmjs.org/@stomp/stompjs/-/stompjs-7.1.0.tgz",
      "integrity": "sha512-73myzb9gKUIu6hq/NoN8yvR2hPnFfWcxDAZ3/wp4UQ1+JXaX7LR3CDJHx68BNYrFpuC0NgXry1krIb3q3SHUOg==",
      "license": "Apache-2.0"
    }
  }
}
